
Microsoft Visual Studio Solution File, Format Version 12.00
# Visual Studio Version 17
VisualStudioVersion = 17.1.32210.238
MinimumVisualStudioVersion = 10.0.40219.1
Project("{FAE04EC0-301F-11D3-BF4B-00C04F79EFBC}") = "ConceptsPOO", "ConceptsPOO\ConceptsPOO.csproj", "{B6873F0B-3F5C-427B-863C-F06B7300EA9B}"
EndProject
Global
	GlobalSection(SolutionConfigurationPlatforms) = preSolution
		Debug|Any CPU = Debug|Any CPU
		Release|Any CPU = Release|Any CPU
	EndGlobalSection
	GlobalSection(ProjectConfigurationPlatforms) = postSolution
		{B6873F0B-3F5C-427B-863C-F06B7300EA9B}.Debug|Any CPU.ActiveCfg = Debug|Any CPU
		{B6873F0B-3F5C-427B-863C-F06B7300EA9B}.Debug|Any CPU.Build.0 = Debug|Any CPU
		{B6873F0B-3F5C-427B-863C-F06B7300EA9B}.Release|Any CPU.ActiveCfg = Release|Any CPU
		{B6873F0B-3F5C-427B-863C-F06B7300EA9B}.Release|Any CPU.Build.0 = Release|Any CPU
	EndGlobalSection
	GlobalSection(SolutionProperties) = preSolution
		HideSolutionNode = FALSE
	EndGlobalSection
	GlobalSection(ExtensibilityGlobals) = postSolution
		SolutionGuid = {876E9D85-B8A3-4825-9638-47E793C612DA}
	EndGlobalSection
EndGlobal
